// !$*UTF8*$!
{
	archiveVersion = 1;
	classes = {
	};
	objectVersion = 46;
	objects = {

/* Begin PBXBuildFile section */
		9402AA351D40F2A200E78938 /* AppDelegate.swift in Sources */ = {isa = PBXBuildFile; fileRef = 9402AA341D40F2A200E78938 /* AppDelegate.swift */; };
		9402AA3A1D40F2A200E78938 /* Main.storyboard in Resources */ = {isa = PBXBuildFile; fileRef = 9402AA381D40F2A200E78938 /* Main.storyboard */; };
		9402AA3C1D40F2A200E78938 /* Assets.xcassets in Resources */ = {isa = PBXBuildFile; fileRef = 9402AA3B1D40F2A200E78938 /* Assets.xcassets */; };
		9402AA3F1D40F2A200E78938 /* LaunchScreen.storyboard in Resources */ = {isa = PBXBuildFile; fileRef = 9402AA3D1D40F2A200E78938 /* LaunchScreen.storyboard */; };
		9402AA4A1D40F2A200E78938 /* MonitorDemoTests.swift in Sources */ = {isa = PBXBuildFile; fileRef = 9402AA491D40F2A200E78938 /* MonitorDemoTests.swift */; };
		9402AA551D40F2C400E78938 /* MonitorUpdate.swift in Sources */ = {isa = PBXBuildFile; fileRef = 9402AA541D40F2C400E78938 /* MonitorUpdate.swift */; };
		9402AA571D40F41800E78938 /* MonitorService.swift in Sources */ = {isa = PBXBuildFile; fileRef = 9402AA561D40F41800E78938 /* MonitorService.swift */; };
		9402AA5B1D40F71E00E78938 /* ItemQueueViewController.swift in Sources */ = {isa = PBXBuildFile; fileRef = 9402AA5A1D40F71E00E78938 /* ItemQueueViewController.swift */; };
		9402AA5D1D40F7F600E78938 /* ItemQueueDataSource.swift in Sources */ = {isa = PBXBuildFile; fileRef = 9402AA5C1D40F7F600E78938 /* ItemQueueDataSource.swift */; };
		9402AA621D40FA4C00E78938 /* ItemCell.swift in Sources */ = {isa = PBXBuildFile; fileRef = 9402AA601D40FA4C00E78938 /* ItemCell.swift */; };
		9402AA631D40FA4C00E78938 /* ItemCell.xib in Resources */ = {isa = PBXBuildFile; fileRef = 9402AA611D40FA4C00E78938 /* ItemCell.xib */; };
		9402AA661D41004100E78938 /* Reusable.swift in Sources */ = {isa = PBXBuildFile; fileRef = 9402AA651D41004100E78938 /* Reusable.swift */; };
/* End PBXBuildFile section */

/* Begin PBXContainerItemProxy section */
		9402AA461D40F2A200E78938 /* PBXContainerItemProxy */ = {
			isa = PBXContainerItemProxy;
			containerPortal = 9402AA291D40F2A100E78938 /* Project object */;
			proxyType = 1;
			remoteGlobalIDString = 9402AA301D40F2A100E78938;
			remoteInfo = MonitorDemo;
		};
/* End PBXContainerItemProxy section */

/* Begin PBXFileReference section */
		9402AA311D40F2A100E78938 /* MonitorDemo.app */ = {isa = PBXFileReference; explicitFileType = wrapper.application; includeInIndex = 0; path = MonitorDemo.app; sourceTree = BUILT_PRODUCTS_DIR; };
		9402AA341D40F2A200E78938 /* AppDelegate.swift */ = {isa = PBXFileReference; lastKnownFileType = sourcecode.swift; path = AppDelegate.swift; sourceTree = "<group>"; };
		9402AA391D40F2A200E78938 /* Base */ = {isa = PBXFileReference; lastKnownFileType = file.storyboard; name = Base; path = Base.lproj/Main.storyboard; sourceTree = "<group>"; };
		9402AA3B1D40F2A200E78938 /* Assets.xcassets */ = {isa = PBXFileReference; lastKnownFileType = folder.assetcatalog; path = Assets.xcassets; sourceTree = "<group>"; };
		9402AA3E1D40F2A200E78938 /* Base */ = {isa = PBXFileReference; lastKnownFileType = file.storyboard; name = Base; path = Base.lproj/LaunchScreen.storyboard; sourceTree = "<group>"; };
		9402AA401D40F2A200E78938 /* Info.plist */ = {isa = PBXFileReference; lastKnownFileType = text.plist.xml; path = Info.plist; sourceTree = "<group>"; };
		9402AA451D40F2A200E78938 /* MonitorDemoTests.xctest */ = {isa = PBXFileReference; explicitFileType = wrapper.cfbundle; includeInIndex = 0; path = MonitorDemoTests.xctest; sourceTree = BUILT_PRODUCTS_DIR; };
		9402AA491D40F2A200E78938 /* MonitorDemoTests.swift */ = {isa = PBXFileReference; lastKnownFileType = sourcecode.swift; path = MonitorDemoTests.swift; sourceTree = "<group>"; };
		9402AA4B1D40F2A200E78938 /* Info.plist */ = {isa = PBXFileReference; lastKnownFileType = text.plist.xml; path = Info.plist; sourceTree = "<group>"; };
		9402AA541D40F2C400E78938 /* MonitorUpdate.swift */ = {isa = PBXFileReference; fileEncoding = 4; lastKnownFileType = sourcecode.swift; path = MonitorUpdate.swift; sourceTree = "<group>"; };
		9402AA561D40F41800E78938 /* MonitorService.swift */ = {isa = PBXFileReference; fileEncoding = 4; lastKnownFileType = sourcecode.swift; path = MonitorService.swift; sourceTree = "<group>"; };
		9402AA5A1D40F71E00E78938 /* ItemQueueViewController.swift */ = {isa = PBXFileReference; fileEncoding = 4; lastKnownFileType = sourcecode.swift; path = ItemQueueViewController.swift; sourceTree = "<group>"; };
		9402AA5C1D40F7F600E78938 /* ItemQueueDataSource.swift */ = {isa = PBXFileReference; fileEncoding = 4; lastKnownFileType = sourcecode.swift; path = ItemQueueDataSource.swift; sourceTree = "<group>"; };
		9402AA601D40FA4C00E78938 /* ItemCell.swift */ = {isa = PBXFileReference; fileEncoding = 4; lastKnownFileType = sourcecode.swift; path = ItemCell.swift; sourceTree = "<group>"; };
		9402AA611D40FA4C00E78938 /* ItemCell.xib */ = {isa = PBXFileReference; fileEncoding = 4; lastKnownFileType = file.xib; path = ItemCell.xib; sourceTree = "<group>"; };
		9402AA651D41004100E78938 /* Reusable.swift */ = {isa = PBXFileReference; fileEncoding = 4; lastKnownFileType = sourcecode.swift; path = Reusable.swift; sourceTree = "<group>"; };
/* End PBXFileReference section */

/* Begin PBXFrameworksBuildPhase section */
		9402AA2E1D40F2A100E78938 /* Frameworks */ = {
			isa = PBXFrameworksBuildPhase;
			buildActionMask = 2147483647;
			files = (
			);
			runOnlyForDeploymentPostprocessing = 0;
		};
		9402AA421D40F2A200E78938 /* Frameworks */ = {
			isa = PBXFrameworksBuildPhase;
			buildActionMask = 2147483647;
			files = (
			);
			runOnlyForDeploymentPostprocessing = 0;
		};
/* End PBXFrameworksBuildPhase section */

/* Begin PBXGroup section */
		9402AA281D40F2A100E78938 = {
			isa = PBXGroup;
			children = (
				9402AA331D40F2A100E78938 /* MonitorDemo */,
				9402AA481D40F2A200E78938 /* MonitorDemoTests */,
				9402AA321D40F2A100E78938 /* Products */,
			);
			sourceTree = "<group>";
		};
		9402AA321D40F2A100E78938 /* Products */ = {
			isa = PBXGroup;
			children = (
				9402AA311D40F2A100E78938 /* MonitorDemo.app */,
				9402AA451D40F2A200E78938 /* MonitorDemoTests.xctest */,
			);
			name = Products;
			sourceTree = "<group>";
		};
		9402AA331D40F2A100E78938 /* MonitorDemo */ = {
			isa = PBXGroup;
			children = (
				9402AA381D40F2A200E78938 /* Main.storyboard */,
				9402AA341D40F2A200E78938 /* AppDelegate.swift */,
				9402AA5A1D40F71E00E78938 /* ItemQueueViewController.swift */,
				9402AA5C1D40F7F600E78938 /* ItemQueueDataSource.swift */,
				9402AA651D41004100E78938 /* Reusable.swift */,
				9402AA3B1D40F2A200E78938 /* Assets.xcassets */,
				9402AA3D1D40F2A200E78938 /* LaunchScreen.storyboard */,
				9402AA401D40F2A200E78938 /* Info.plist */,
				9402AA541D40F2C400E78938 /* MonitorUpdate.swift */,
				9402AA561D40F41800E78938 /* MonitorService.swift */,
				9402AA641D40FEDA00E78938 /* Reusable Cells */,
			);
			path = MonitorDemo;
			sourceTree = "<group>";
		};
		9402AA481D40F2A200E78938 /* MonitorDemoTests */ = {
			isa = PBXGroup;
			children = (
				9402AA491D40F2A200E78938 /* MonitorDemoTests.swift */,
				9402AA4B1D40F2A200E78938 /* Info.plist */,
			);
			path = MonitorDemoTests;
			sourceTree = "<group>";
		};
		9402AA641D40FEDA00E78938 /* Reusable Cells */ = {
			isa = PBXGroup;
			children = (
				9402AA601D40FA4C00E78938 /* ItemCell.swift */,
				9402AA611D40FA4C00E78938 /* ItemCell.xib */,
			);
			name = "Reusable Cells";
			sourceTree = "<group>";
		};
/* End PBXGroup section */

/* Begin PBXNativeTarget section */
		9402AA301D40F2A100E78938 /* MonitorDemo */ = {
			isa = PBXNativeTarget;
			buildConfigurationList = 9402AA4E1D40F2A200E78938 /* Build configuration list for PBXNativeTarget "MonitorDemo" */;
			buildPhases = (
				9402AA2D1D40F2A100E78938 /* Sources */,
				9402AA2E1D40F2A100E78938 /* Frameworks */,
				9402AA2F1D40F2A100E78938 /* Resources */,
			);
			buildRules = (
			);
			dependencies = (
			);
			name = MonitorDemo;
			productName = MonitorDemo;
			productReference = 9402AA311D40F2A100E78938 /* MonitorDemo.app */;
			productType = "com.apple.product-type.application";
		};
		9402AA441D40F2A200E78938 /* MonitorDemoTests */ = {
			isa = PBXNativeTarget;
			buildConfigurationList = 9402AA511D40F2A200E78938 /* Build configuration list for PBXNativeTarget "MonitorDemoTests" */;
			buildPhases = (
				9402AA411D40F2A200E78938 /* Sources */,
				9402AA421D40F2A200E78938 /* Frameworks */,
				9402AA431D40F2A200E78938 /* Resources */,
			);
			buildRules = (
			);
			dependencies = (
				9402AA471D40F2A200E78938 /* PBXTargetDependency */,
			);
			name = MonitorDemoTests;
			productName = MonitorDemoTests;
			productReference = 9402AA451D40F2A200E78938 /* MonitorDemoTests.xctest */;
			productType = "com.apple.product-type.bundle.unit-test";
		};
/* End PBXNativeTarget section */

/* Begin PBXProject section */
		9402AA291D40F2A100E78938 /* Project object */ = {
			isa = PBXProject;
			attributes = {
				LastSwiftUpdateCheck = 0730;
				LastUpgradeCheck = 0730;
				ORGANIZATIONNAME = BothPoints;
				TargetAttributes = {
					9402AA301D40F2A100E78938 = {
						CreatedOnToolsVersion = 7.3.1;
					};
					9402AA441D40F2A200E78938 = {
						CreatedOnToolsVersion = 7.3.1;
						TestTargetID = 9402AA301D40F2A100E78938;
					};
				};
			};
			buildConfigurationList = 9402AA2C1D40F2A100E78938 /* Build configuration list for PBXProject "MonitorDemo" */;
			compatibilityVersion = "Xcode 3.2";
			developmentRegion = English;
			hasScannedForEncodings = 0;
			knownRegions = (
				en,
				Base,
			);
			mainGroup = 9402AA281D40F2A100E78938;
			productRefGroup = 9402AA321D40F2A100E78938 /* Products */;
			projectDirPath = "";
			projectRoot = "";
			targets = (
				9402AA301D40F2A100E78938 /* MonitorDemo */,
				9402AA441D40F2A200E78938 /* MonitorDemoTests */,
			);
		};
/* End PBXProject section */

/* Begin PBXResourcesBuildPhase section */
		9402AA2F1D40F2A100E78938 /* Resources */ = {
			isa = PBXResourcesBuildPhase;
			buildActionMask = 2147483647;
			files = (
				9402AA631D40FA4C00E78938 /* ItemCell.xib in Resources */,
				9402AA3F1D40F2A200E78938 /* LaunchScreen.storyboard in Resources */,
				9402AA3C1D40F2A200E78938 /* Assets.xcassets in Resources */,
				9402AA3A1D40F2A200E78938 /* Main.storyboard in Resources */,
			);
			runOnlyForDeploymentPostprocessing = 0;
		};
		9402AA431D40F2A200E78938 /* Resources */ = {
			isa = PBXResourcesBuildPhase;
			buildActionMask = 2147483647;
			files = (
			);
			runOnlyForDeploymentPostprocessing = 0;
		};
/* End PBXResourcesBuildPhase section */

/* Begin PBXSourcesBuildPhase section */
		9402AA2D1D40F2A100E78938 /* Sources */ = {
			isa = PBXSourcesBuildPhase;
			buildActionMask = 2147483647;
			files = (
				9402AA571D40F41800E78938 /* MonitorService.swift in Sources */,
				9402AA551D40F2C400E78938 /* MonitorUpdate.swift in Sources */,
				9402AA621D40FA4C00E78938 /* ItemCell.swift in Sources */,
				9402AA5D1D40F7F600E78938 /* ItemQueueDataSource.swift in Sources */,
				9402AA351D40F2A200E78938 /* AppDelegate.swift in Sources */,
				9402AA5B1D40F71E00E78938 /* ItemQueueViewController.swift in Sources */,
				9402AA661D41004100E78938 /* Reusable.swift in Sources */,
			);
			runOnlyForDeploymentPostprocessing = 0;
		};
		9402AA411D40F2A200E78938 /* Sources */ = {
			isa = PBXSourcesBuildPhase;
			buildActionMask = 2147483647;
			files = (
				9402AA4A1D40F2A200E78938 /* MonitorDemoTests.swift in Sources */,
			);
			runOnlyForDeploymentPostprocessing = 0;
		};
/* End PBXSourcesBuildPhase section */

/* Begin PBXTargetDependency section */
		9402AA471D40F2A200E78938 /* PBXTargetDependency */ = {
			isa = PBXTargetDependency;
			target = 9402AA301D40F2A100E78938 /* MonitorDemo */;
			targetProxy = 9402AA461D40F2A200E78938 /* PBXContainerItemProxy */;
		};
/* End PBXTargetDependency section */

/* Begin PBXVariantGroup section */
		9402AA381D40F2A200E78938 /* Main.storyboard */ = {
			isa = PBXVariantGroup;
			children = (
				9402AA391D40F2A200E78938 /* Base */,
			);
			name = Main.storyboard;
			sourceTree = "<group>";
		};
		9402AA3D1D40F2A200E78938 /* LaunchScreen.storyboard */ = {
			isa = PBXVariantGroup;
			children = (
				9402AA3E1D40F2A200E78938 /* Base */,
			);
			name = LaunchScreen.storyboard;
			sourceTree = "<group>";
		};
/* End PBXVariantGroup section */

/* Begin XCBuildConfiguration section */
		9402AA4C1D40F2A200E78938 /* Debug */ = {
			isa = XCBuildConfiguration;
			buildSettings = {
				ALWAYS_SEARCH_USER_PATHS = NO;
				CLANG_ANALYZER_NONNULL = YES;
				CLANG_CXX_LANGUAGE_STANDARD = "gnu++0x";
				CLANG_CXX_LIBRARY = "libc++";
				CLANG_ENABLE_MODULES = YES;
				CLANG_ENABLE_OBJC_ARC = YES;
				CLANG_WARN_BOOL_CONVERSION = YES;
				CLANG_WARN_CONSTANT_CONVERSION = YES;
				CLANG_WARN_DIRECT_OBJC_ISA_USAGE = YES_ERROR;
				CLANG_WARN_EMPTY_BODY = YES;
				CLANG_WARN_ENUM_CONVERSION = YES;
				CLANG_WARN_INT_CONVERSION = YES;
				CLANG_WARN_OBJC_ROOT_CLASS = YES_ERROR;
				CLANG_WARN_UNREACHABLE_CODE = YES;
				CLANG_WARN__DUPLICATE_METHOD_MATCH = YES;
				"CODE_SIGN_IDENTITY[sdk=iphoneos*]" = "iPhone Developer";
				COPY_PHASE_STRIP = NO;
				DEBUG_INFORMATION_FORMAT = dwarf;
				ENABLE_STRICT_OBJC_MSGSEND = YES;
				ENABLE_TESTABILITY = YES;
				GCC_C_LANGUAGE_STANDARD = gnu99;
				GCC_DYNAMIC_NO_PIC = NO;
				GCC_NO_COMMON_BLOCKS = YES;
				GCC_OPTIMIZATION_LEVEL = 0;
				GCC_PREPROCESSOR_DEFINITIONS = (
					"DEBUG=1",
					"$(inherited)",
				);
				GCC_WARN_64_TO_32_BIT_CONVERSION = YES;
				GCC_WARN_ABOUT_RETURN_TYPE = YES_ERROR;
				GCC_WARN_UNDECLARED_SELECTOR = YES;
				GCC_WARN_UNINITIALIZED_AUTOS = YES_AGGRESSIVE;
				GCC_WARN_UNUSED_FUNCTION = YES;
				GCC_WARN_UNUSED_VARIABLE = YES;
				IPHONEOS_DEPLOYMENT_TARGET = 9.3;
				MTL_ENABLE_DEBUG_INFO = YES;
				ONLY_ACTIVE_ARCH = YES;
				SDKROOT = iphoneos;
				SWIFT_OPTIMIZATION_LEVEL = "-Onone";
			};
			name = Debug;
		};
		9402AA4D1D40F2A200E78938 /* Release */ = {
			isa = XCBuildConfiguration;
			buildSettings = {
				ALWAYS_SEARCH_USER_PATHS = NO;
				CLANG_ANALYZER_NONNULL = YES;
				CLANG_CXX_LANGUAGE_STANDARD = "gnu++0x";
				CLANG_CXX_LIBRARY = "libc++";
				CLANG_ENABLE_MODULES = YES;
				CLANG_ENABLE_OBJC_ARC = YES;
				CLANG_WARN_BOOL_CONVERSION = YES;
				CLANG_WARN_CONSTANT_CONVERSION = YES;
				CLANG_WARN_DIRECT_OBJC_ISA_USAGE = YES_ERROR;
				CLANG_WARN_EMPTY_BODY = YES;
				CLANG_WARN_ENUM_CONVERSION = YES;
				CLANG_WARN_INT_CONVERSION = YES;
				CLANG_WARN_OBJC_ROOT_CLASS = YES_ERROR;
				CLANG_WARN_UNREACHABLE_CODE = YES;
				CLANG_WARN__DUPLICATE_METHOD_MATCH = YES;
				"CODE_SIGN_IDENTITY[sdk=iphoneos*]" = "iPhone Developer";
				COPY_PHASE_STRIP = NO;
				DEBUG_INFORMATION_FORMAT = "dwarf-with-dsym";
				ENABLE_NS_ASSERTIONS = NO;
				ENABLE_STRICT_OBJC_MSGSEND = YES;
				GCC_C_LANGUAGE_STANDARD = gnu99;
				GCC_NO_COMMON_BLOCKS = YES;
				GCC_WARN_64_TO_32_BIT_CONVERSION = YES;
				GCC_WARN_ABOUT_RETURN_TYPE = YES_ERROR;
				GCC_WARN_UNDECLARED_SELECTOR = YES;
				GCC_WARN_UNINITIALIZED_AUTOS = YES_AGGRESSIVE;
				GCC_WARN_UNUSED_FUNCTION = YES;
				GCC_WARN_UNUSED_VARIABLE = YES;
				IPHONEOS_DEPLOYMENT_TARGET = 9.3;
				MTL_ENABLE_DEBUG_INFO = NO;
				SDKROOT = iphoneos;
				VALIDATE_PRODUCT = YES;
			};
			name = Release;
		};
		9402AA4F1D40F2A200E78938 /* Debug */ = {
			isa = XCBuildConfiguration;
			buildSettings = {
				ASSETCATALOG_COMPILER_APPICON_NAME = AppIcon;
				INFOPLIST_FILE = MonitorDemo/Info.plist;
				LD_RUNPATH_SEARCH_PATHS = "$(inherited) @executable_path/Frameworks";
				PRODUCT_BUNDLE_IDENTIFIER = com.bothpoints.MonitorDemo;
				PRODUCT_NAME = "$(TARGET_NAME)";
			};
			name = Debug;
		};
		9402AA501D40F2A200E78938 /* Release */ = {
			isa = XCBuildConfiguration;
			buildSettings = {
				ASSETCATALOG_COMPILER_APPICON_NAME = AppIcon;
				INFOPLIST_FILE = MonitorDemo/Info.plist;
				LD_RUNPATH_SEARCH_PATHS = "$(inherited) @executable_path/Frameworks";
				PRODUCT_BUNDLE_IDENTIFIER = com.bothpoints.MonitorDemo;
				PRODUCT_NAME = "$(TARGET_NAME)";
			};
			name = Release;
		};
		9402AA521D40F2A200E78938 /* Debug */ = {
			isa = XCBuildConfiguration;
			buildSettings = {
				BUNDLE_LOADER = "$(TEST_HOST)";
				INFOPLIST_FILE = MonitorDemoTests/Info.plist;
				LD_RUNPATH_SEARCH_PATHS = "$(inherited) @executable_path/Frameworks @loader_path/Frameworks";
				PRODUCT_BUNDLE_IDENTIFIER = com.bothpoints.MonitorDemoTests;
				PRODUCT_NAME = "$(TARGET_NAME)";
				TEST_HOST = "$(BUILT_PRODUCTS_DIR)/MonitorDemo.app/MonitorDemo";
			};
			name = Debug;
		};
		9402AA531D40F2A200E78938 /* Release */ = {
			isa = XCBuildConfiguration;
			buildSettings = {
				BUNDLE_LOADER = "$(TEST_HOST)";
				INFOPLIST_FILE = MonitorDemoTests/Info.plist;
				LD_RUNPATH_SEARCH_PATHS = "$(inherited) @executable_path/Frameworks @loader_path/Frameworks";
				PRODUCT_BUNDLE_IDENTIFIER = com.bothpoints.MonitorDemoTests;
				PRODUCT_NAME = "$(TARGET_NAME)";
				TEST_HOST = "$(BUILT_PRODUCTS_DIR)/MonitorDemo.app/MonitorDemo";
			};
			name = Release;
		};
/* End XCBuildConfiguration section */

/* Begin XCConfigurationList section */
		9402AA2C1D40F2A100E78938 /* Build configuration list for PBXProject "MonitorDemo" */ = {
			isa = XCConfigurationList;
			buildConfigurations = (
				9402AA4C1D40F2A200E78938 /* Debug */,
				9402AA4D1D40F2A200E78938 /* Release */,
			);
			defaultConfigurationIsVisible = 0;
			defaultConfigurationName = Release;
		};
		9402AA4E1D40F2A200E78938 /* Build configuration list for PBXNativeTarget "MonitorDemo" */ = {
			isa = XCConfigurationList;
			buildConfigurations = (
				9402AA4F1D40F2A200E78938 /* Debug */,
				9402AA501D40F2A200E78938 /* Release */,
			);
			defaultConfigurationIsVisible = 0;
		};
		9402AA511D40F2A200E78938 /* Build configuration list for PBXNativeTarget "MonitorDemoTests" */ = {
			isa = XCConfigurationList;
			buildConfigurations = (
				9402AA521D40F2A200E78938 /* Debug */,
				9402AA531D40F2A200E78938 /* Release */,
			);
			defaultConfigurationIsVisible = 0;
		};
/* End XCConfigurationList section */
	};
	rootObject = 9402AA291D40F2A100E78938 /* Project object */;
}
